{
    "_meta": {
        "hash": {
            "sha256": "3de4e98af84878b3c99ceeb36699627ca20b08119623eb7f0a0fa75a6f59b85f"
        },
        "pipfile-spec": 6,
        "requires": {},
        "sources": [
            {
                "name": "pypi",
                "url": "https://pypi.org/simple",
                "verify_ssl": true
            }
        ]
    },
    "default": {
        "amqp": {
            "hashes": [
                "sha256:827cb12fb0baa892aad844fd95258143bce4027fdac4fccddbc43330fd281637",
                "sha256:a1ecff425ad063ad42a486c902807d1482311481c8ad95a72694b2975e75f7fd"
            ],
            "markers": "python_version >= '3.6'",
            "version": "==5.2.0"
        },
        "asgiref": {
            "hashes": [
                "sha256:3e1e3ecc849832fe52ccf2cb6686b7a55f82bb1d6aee72a58826471390335e47",
                "sha256:c343bd80a0bec947a9860adb4c432ffa7db769836c64238fc34bdc3fec84d590"
            ],
            "markers": "python_version >= '3.8'",
            "version": "==3.8.1"
        },
        "billiard": {
            "hashes": [
                "sha256:07aa978b308f334ff8282bd4a746e681b3513db5c9a514cbdd810cbbdc19714d",
                "sha256:9a3c3184cb275aa17a732f93f65b20c525d3d9f253722d26a82194803ade5a2c"
            ],
            "markers": "python_version >= '3.7'",
            "version": "==4.2.0"
        },
        "boto3": {
            "hashes": [
                "sha256:9e7242b9059d937f34264125fecd844cb5e01acce6be093f6c44869fdf7c6e30",
                "sha256:fa85b67147c8dc99b6e7c699fc086103f958f9677db934f70659e6e6a72a818c"
            ],
            "index": "pypi",
            "markers": "python_version >= '3.7'",
            "version": "==1.26.165"
        },
        "botocore": {
            "hashes": [
                "sha256:6f35d59e230095aed7cd747604fe248fa384bebb7d09549077892f936a8ca3df",
                "sha256:988b948be685006b43c4bbd8f5c0cb93e77c66deb70561994e0c5b31b5a67210"
            ],
            "markers": "python_version >= '3.7'",
            "version": "==1.29.165"
        },
        "celery": {
            "hashes": [
                "sha256:369631eb580cf8c51a82721ec538684994f8277637edde2dfc0dacd73ed97f64",
                "sha256:504a19140e8d3029d5acad88330c541d4c3f64c789d85f94756762d8bca7e706"
            ],
            "index": "pypi",
            "markers": "python_version >= '3.8'",
            "version": "==5.4.0"
        },
        "certifi": {
            "hashes": [
                "sha256:5a1e7645bc0ec61a09e26c36f6106dd4cf40c6db3a1fb6352b0244e7fb057c7b",
                "sha256:c198e21b1289c2ab85ee4e67bb4b4ef3ead0892059901a8d5b622f24a1101e90"
            ],
            "markers": "python_version >= '3.6'",
            "version": "==2024.7.4"
        },
        "cffi": {
            "hashes": [
                "sha256:011aff3524d578a9412c8b3cfaa50f2c0bd78e03eb7af7aa5e0df59b158efb2f",
                "sha256:0a048d4f6630113e54bb4b77e315e1ba32a5a31512c31a273807d0027a7e69ab",
                "sha256:0bb15e7acf8ab35ca8b24b90af52c8b391690ef5c4aec3d31f38f0d37d2cc499",
                "sha256:0d46ee4764b88b91f16661a8befc6bfb24806d885e27436fdc292ed7e6f6d058",
                "sha256:0e60821d312f99d3e1569202518dddf10ae547e799d75aef3bca3a2d9e8ee693",
                "sha256:0fdacad9e0d9fc23e519efd5ea24a70348305e8d7d85ecbb1a5fa66dc834e7fb",
                "sha256:14b9cbc8f7ac98a739558eb86fabc283d4d564dafed50216e7f7ee62d0d25377",
                "sha256:17c6d6d3260c7f2d94f657e6872591fe8733872a86ed1345bda872cfc8c74885",
                "sha256:1a2ddbac59dc3716bc79f27906c010406155031a1c801410f1bafff17ea304d2",
                "sha256:2404f3de742f47cb62d023f0ba7c5a916c9c653d5b368cc966382ae4e57da401",
                "sha256:24658baf6224d8f280e827f0a50c46ad819ec8ba380a42448e24459daf809cf4",
                "sha256:24aa705a5f5bd3a8bcfa4d123f03413de5d86e497435693b638cbffb7d5d8a1b",
                "sha256:2770bb0d5e3cc0e31e7318db06efcbcdb7b31bcb1a70086d3177692a02256f59",
                "sha256:331ad15c39c9fe9186ceaf87203a9ecf5ae0ba2538c9e898e3a6967e8ad3db6f",
                "sha256:3aa9d43b02a0c681f0bfbc12d476d47b2b2b6a3f9287f11ee42989a268a1833c",
                "sha256:41f4915e09218744d8bae14759f983e466ab69b178de38066f7579892ff2a555",
                "sha256:4304d4416ff032ed50ad6bb87416d802e67139e31c0bde4628f36a47a3164bfa",
                "sha256:435a22d00ec7d7ea533db494da8581b05977f9c37338c80bc86314bec2619424",
                "sha256:45f7cd36186db767d803b1473b3c659d57a23b5fa491ad83c6d40f2af58e4dbb",
                "sha256:48b389b1fd5144603d61d752afd7167dfd205973a43151ae5045b35793232aa2",
                "sha256:4e67d26532bfd8b7f7c05d5a766d6f437b362c1bf203a3a5ce3593a645e870b8",
                "sha256:516a405f174fd3b88829eabfe4bb296ac602d6a0f68e0d64d5ac9456194a5b7e",
                "sha256:5ba5c243f4004c750836f81606a9fcb7841f8874ad8f3bf204ff5e56332b72b9",
                "sha256:5bdc0f1f610d067c70aa3737ed06e2726fd9d6f7bfee4a351f4c40b6831f4e82",
                "sha256:6107e445faf057c118d5050560695e46d272e5301feffda3c41849641222a828",
                "sha256:6327b572f5770293fc062a7ec04160e89741e8552bf1c358d1a23eba68166759",
                "sha256:669b29a9eca6146465cc574659058ed949748f0809a2582d1f1a324eb91054dc",
                "sha256:6ce01337d23884b21c03869d2f68c5523d43174d4fc405490eb0091057943118",
                "sha256:6d872186c1617d143969defeadac5a904e6e374183e07977eedef9c07c8953bf",
                "sha256:6f76a90c345796c01d85e6332e81cab6d70de83b829cf1d9762d0a3da59c7932",
                "sha256:70d2aa9fb00cf52034feac4b913181a6e10356019b18ef89bc7c12a283bf5f5a",
                "sha256:7cbc78dc018596315d4e7841c8c3a7ae31cc4d638c9b627f87d52e8abaaf2d29",
                "sha256:856bf0924d24e7f93b8aee12a3a1095c34085600aa805693fb7f5d1962393206",
                "sha256:8a98748ed1a1df4ee1d6f927e151ed6c1a09d5ec21684de879c7ea6aa96f58f2",
                "sha256:93a7350f6706b31f457c1457d3a3259ff9071a66f312ae64dc024f049055f72c",
                "sha256:964823b2fc77b55355999ade496c54dde161c621cb1f6eac61dc30ed1b63cd4c",
                "sha256:a003ac9edc22d99ae1286b0875c460351f4e101f8c9d9d2576e78d7e048f64e0",
                "sha256:a0ce71725cacc9ebf839630772b07eeec220cbb5f03be1399e0457a1464f8e1a",
                "sha256:a47eef975d2b8b721775a0fa286f50eab535b9d56c70a6e62842134cf7841195",
                "sha256:a8b5b9712783415695663bd463990e2f00c6750562e6ad1d28e072a611c5f2a6",
                "sha256:a9015f5b8af1bb6837a3fcb0cdf3b874fe3385ff6274e8b7925d81ccaec3c5c9",
                "sha256:aec510255ce690d240f7cb23d7114f6b351c733a74c279a84def763660a2c3bc",
                "sha256:b00e7bcd71caa0282cbe3c90966f738e2db91e64092a877c3ff7f19a1628fdcb",
                "sha256:b50aaac7d05c2c26dfd50c3321199f019ba76bb650e346a6ef3616306eed67b0",
                "sha256:b7b6ea9e36d32582cda3465f54c4b454f62f23cb083ebc7a94e2ca6ef011c3a7",
                "sha256:bb9333f58fc3a2296fb1d54576138d4cf5d496a2cc118422bd77835e6ae0b9cb",
                "sha256:c1c13185b90bbd3f8b5963cd8ce7ad4ff441924c31e23c975cb150e27c2bf67a",
                "sha256:c3b8bd3133cd50f6b637bb4322822c94c5ce4bf0d724ed5ae70afce62187c492",
                "sha256:c5d97162c196ce54af6700949ddf9409e9833ef1003b4741c2b39ef46f1d9720",
                "sha256:c815270206f983309915a6844fe994b2fa47e5d05c4c4cef267c3b30e34dbe42",
                "sha256:cab2eba3830bf4f6d91e2d6718e0e1c14a2f5ad1af68a89d24ace0c6b17cced7",
                "sha256:d1df34588123fcc88c872f5acb6f74ae59e9d182a2707097f9e28275ec26a12d",
                "sha256:d6bdcd415ba87846fd317bee0774e412e8792832e7805938987e4ede1d13046d",
                "sha256:db9a30ec064129d605d0f1aedc93e00894b9334ec74ba9c6bdd08147434b33eb",
                "sha256:dbc183e7bef690c9abe5ea67b7b60fdbca81aa8da43468287dae7b5c046107d4",
                "sha256:dca802c8db0720ce1c49cce1149ff7b06e91ba15fa84b1d59144fef1a1bc7ac2",
                "sha256:dec6b307ce928e8e112a6bb9921a1cb00a0e14979bf28b98e084a4b8a742bd9b",
                "sha256:df8bb0010fdd0a743b7542589223a2816bdde4d94bb5ad67884348fa2c1c67e8",
                "sha256:e4094c7b464cf0a858e75cd14b03509e84789abf7b79f8537e6a72152109c76e",
                "sha256:e4760a68cab57bfaa628938e9c2971137e05ce48e762a9cb53b76c9b569f1204",
                "sha256:eb09b82377233b902d4c3fbeeb7ad731cdab579c6c6fda1f763cd779139e47c3",
                "sha256:eb862356ee9391dc5a0b3cbc00f416b48c1b9a52d252d898e5b7696a5f9fe150",
                "sha256:ef9528915df81b8f4c7612b19b8628214c65c9b7f74db2e34a646a0a2a0da2d4",
                "sha256:f3157624b7558b914cb039fd1af735e5e8049a87c817cc215109ad1c8779df76",
                "sha256:f3e0992f23bbb0be00a921eae5363329253c3b86287db27092461c887b791e5e",
                "sha256:f9338cc05451f1942d0d8203ec2c346c830f8e86469903d5126c1f0a13a2bcbb",
                "sha256:ffef8fd58a36fb5f1196919638f73dd3ae0db1a878982b27a9a5a176ede4ba91"
            ],
            "markers": "python_version >= '3.8'",
            "version": "==1.17.0"
        },
        "charset-normalizer": {
            "hashes": [
                "sha256:2857e29ff0d34db842cd7ca3230549d1a697f96ee6d3fb071cfa6c7393832597",
                "sha256:6881edbebdb17b39b4eaaa821b438bf6eddffb4468cf344f09f89def34a8b1df"
            ],
            "markers": "python_version >= '3'",
            "version": "==2.0.12"
        },
        "click": {
            "hashes": [
                "sha256:ae74fb96c20a0277a1d615f1e4d73c8414f5a98db8b799a7931d1582f3390c28",
                "sha256:ca9853ad459e787e2192211578cc907e7594e294c7ccc834310722b41b9ca6de"
            ],
            "markers": "python_version >= '3.7'",
            "version": "==8.1.7"
        },
        "click-didyoumean": {
            "hashes": [
                "sha256:4f82fdff0dbe64ef8ab2279bd6aa3f6a99c3b28c05aa09cbfc07c9d7fbb5a463",
                "sha256:5c4bb6007cfea5f2fd6583a2fb6701a22a41eb98957e63d0fac41c10e7c3117c"
            ],
            "markers": "python_full_version >= '3.6.2'",
            "version": "==0.3.1"
        },
        "click-plugins": {
            "hashes": [
                "sha256:46ab999744a9d831159c3411bb0c79346d94a444df9a3a3742e9ed63645f264b",
                "sha256:5d262006d3222f5057fd81e1623d4443e41dcda5dc815c06b442aa3c02889fc8"
            ],
            "version": "==1.1.1"
        },
        "click-repl": {
            "hashes": [
                "sha256:17849c23dba3d667247dc4defe1757fff98694e90fe37474f3feebb69ced26a9",
                "sha256:fb7e06deb8da8de86180a33a9da97ac316751c094c6899382da7feeeeb51b812"
            ],
            "markers": "python_version >= '3.6'",
            "version": "==0.3.0"
        },
        "cryptography": {
            "hashes": [
                "sha256:07bb7fbfb5de0980590ddfc7f13081520def06dc9ed214000ad4372fb4e3c7f6",
                "sha256:18d90f4711bf63e2fb21e8c8e51ed8189438e6b35a6d996201ebd98a26abbbe6",
                "sha256:1ed82abf16df40a60942a8c211251ae72858b25b7421ce2497c2eb7a1cee817c",
                "sha256:22a38e96118a4ce3b97509443feace1d1011d0571fae81fc3ad35f25ba3ea999",
                "sha256:2d69645f535f4b2c722cfb07a8eab916265545b3475fdb34e0be2f4ee8b0b15e",
                "sha256:4a2d0e0acc20ede0f06ef7aa58546eee96d2592c00f450c9acb89c5879b61992",
                "sha256:54b2605e5475944e2213258e0ab8696f4f357a31371e538ef21e8d61c843c28d",
                "sha256:7075b304cd567694dc692ffc9747f3e9cb393cc4aa4fb7b9f3abd6f5c4e43588",
                "sha256:7b7ceeff114c31f285528ba8b390d3e9cfa2da17b56f11d366769a807f17cbaa",
                "sha256:7eba2cebca600a7806b893cb1d541a6e910afa87e97acf2021a22b32da1df52d",
                "sha256:928185a6d1ccdb816e883f56ebe92e975a262d31cc536429041921f8cb5a62fd",
                "sha256:9933f28f70d0517686bd7de36166dda42094eac49415459d9bdf5e7df3e0086d",
                "sha256:a688ebcd08250eab5bb5bca318cc05a8c66de5e4171a65ca51db6bd753ff8953",
                "sha256:abb5a361d2585bb95012a19ed9b2c8f412c5d723a9836418fab7aaa0243e67d2",
                "sha256:c10c797ac89c746e488d2ee92bd4abd593615694ee17b2500578b63cad6b93a8",
                "sha256:ced40344e811d6abba00295ced98c01aecf0c2de39481792d87af4fa58b7b4d6",
                "sha256:d57e0cdc1b44b6cdf8af1d01807db06886f10177469312fbde8f44ccbb284bc9",
                "sha256:d99915d6ab265c22873f1b4d6ea5ef462ef797b4140be4c9d8b179915e0985c6",
                "sha256:eb80e8a1f91e4b7ef8b33041591e6d89b2b8e122d787e87eeb2b08da71bb16ad",
                "sha256:ebeddd119f526bcf323a89f853afb12e225902a24d29b55fe18dd6fcb2838a76"
            ],
            "index": "pypi",
            "markers": "python_version >= '3.6'",
            "version": "==35.0.0"
        },
        "deprecated": {
            "hashes": [
                "sha256:6fac8b097794a90302bdbb17b9b815e732d3c4720583ff1b198499d78470466c",
                "sha256:e5323eb936458dccc2582dc6f9c322c852a775a27065ff2b0c4970b9d53d01b3"
            ],
            "markers": "python_version >= '2.7' and python_version not in '3.0, 3.1, 3.2, 3.3'",
            "version": "==1.2.14"
        },
        "dj-database-url": {
            "hashes": [
                "sha256:3e792567b0aa9a4884860af05fe2aa4968071ad351e033b6db632f97ac6db9de",
                "sha256:9f9b05058ddf888f1e6f840048b8d705ff9395e3b52a07165daa3d8b9360551b"
            ],
            "index": "pypi",
            "version": "==2.2.0"
        },
        "django": {
            "hashes": [
                "sha256:7ca38a78654aee72378594d63e51636c04b8e28574f5505dff630895b5472777",
                "sha256:a52ea7fcf280b16f7b739cec38fa6d3f8953a5456986944c3ca97e79882b4e38"
            ],
            "index": "pypi",
            "markers": "python_version >= '3.6'",
            "version": "==3.2.25"
        },
        "django-cors-headers": {
            "hashes": [
                "sha256:37e42883b5f1f2295df6b4bba96eb2417a14a03270cb24b2a07f021cd4487cf4",
                "sha256:f9dc6b4e3f611c3199700b3e5f3398c28757dcd559c2f82932687f3d0443cfdf"
            ],
            "index": "pypi",
            "markers": "python_version >= '3.7'",
            "version": "==3.13.0"
        },
        "django-storages": {
            "hashes": [
                "sha256:31dc5a992520be571908c4c40d55d292660ece3a55b8141462b4e719aa38eab3",
                "sha256:cbadd15c909ceb7247d4ffc503f12a9bec36999df8d0bef7c31e57177d512688"
            ],
            "index": "pypi",
            "markers": "python_version >= '3.7'",
            "version": "==1.13.2"
        },
        "djangorestframework": {
            "hashes": [
                "sha256:0c33407ce23acc68eca2a6e46424b008c9c02eceb8cf18581921d0092bc1f2ee",
                "sha256:24c4bf58ed7e85d1fe4ba250ab2da926d263cd57d64b03e8dcef0ac683f8b1aa"
            ],
            "index": "pypi",
            "markers": "python_version >= '3.6'",
            "version": "==3.13.1"
        },
        "dnspython": {
            "hashes": [
                "sha256:044af09374469c3a39eeea1a146e8cac27daec951f1f1f157b1962fc7cb9d1b7",
                "sha256:40bb3c24b9d4ec12500f0124288a65df232a3aa749bb0c39734b782873a2544d"
            ],
            "markers": "python_version >= '3.6'",
            "version": "==2.0.0"
        },
        "gunicorn": {
            "hashes": [
                "sha256:9dcc4547dbb1cb284accfb15ab5667a0e5d1881cc443e0677b4882a4067a807e",
                "sha256:e0a968b5ba15f8a328fdfd7ab1fcb5af4470c28aaf7e55df02a99bc13138e6e8"
            ],
            "index": "pypi",
            "markers": "python_version >= '3.5'",
            "version": "==20.1.0"
        },
        "idna": {
            "hashes": [
                "sha256:028ff3aadf0609c1fd278d8ea3089299412a7a8b9bd005dd08b9f8285bcb5cfc",
                "sha256:82fee1fc78add43492d3a1898bfa6d8a904cc97d8427f683ed8e798d07761aa0"
            ],
            "markers": "python_version >= '3'",
            "version": "==3.7"
        },
        "importlib-metadata": {
            "hashes": [
                "sha256:30962b96c0c223483ed6cc7280e7f0199feb01a0e40cfae4d4450fc6fab1f570",
                "sha256:b78938b926ee8d5f020fc4772d487045805a55ddbad2ecf21c6d60938dc7fcd2"
            ],
            "index": "pypi",
            "markers": "python_version >= '3.8'",
            "version": "==7.1.0"
        },
        "ipwhois": {
            "hashes": [
                "sha256:831e3fef3b8041201a048e9456e3b80f45c6c8b7174f34ed211f66b596c84bbe",
                "sha256:9f14dfafb5d9eb7c7f56ab34cfad9868b5e453ab4161a90d69fb714fe712056a"
            ],
            "index": "pypi",
            "version": "==1.2.0"
        },
        "jmespath": {
            "hashes": [
                "sha256:02e2e4cc71b5bcab88332eebf907519190dd9e6e82107fa7f83b1003a6252980",
                "sha256:90261b206d6defd58fdd5e85f478bf633a2901798906be2ad389150c5c60edbe"
            ],
            "markers": "python_version >= '3.7'",
            "version": "==1.0.1"
        },
        "kombu": {
            "hashes": [
                "sha256:ad200a8dbdaaa2bbc5f26d2ee7d707d9a1fded353a0f4bd751ce8c7d9f449c60",
                "sha256:c8dd99820467610b4febbc7a9e8a0d3d7da2d35116b67184418b51cc520ea6b6"
            ],
            "markers": "python_version >= '3.8'",
            "version": "==5.4.0"
        },
        "pillow": {
            "hashes": [
                "sha256:02a2be69f9c9b8c1e97cf2713e789d4e398c751ecfd9967c18d0ce304efbf885",
                "sha256:030abdbe43ee02e0de642aee345efa443740aa4d828bfe8e2eb11922ea6a21ea",
                "sha256:06b2f7898047ae93fad74467ec3d28fe84f7831370e3c258afa533f81ef7f3df",
                "sha256:0755ffd4a0c6f267cccbae2e9903d95477ca2f77c4fcf3a3a09570001856c8a5",
                "sha256:0a9ec697746f268507404647e531e92889890a087e03681a3606d9b920fbee3c",
                "sha256:0ae24a547e8b711ccaaf99c9ae3cd975470e1a30caa80a6aaee9a2f19c05701d",
                "sha256:134ace6dc392116566980ee7436477d844520a26a4b1bd4053f6f47d096997fd",
                "sha256:166c1cd4d24309b30d61f79f4a9114b7b2313d7450912277855ff5dfd7cd4a06",
                "sha256:1b5dea9831a90e9d0721ec417a80d4cbd7022093ac38a568db2dd78363b00908",
                "sha256:1d846aea995ad352d4bdcc847535bd56e0fd88d36829d2c90be880ef1ee4668a",
                "sha256:1ef61f5dd14c300786318482456481463b9d6b91ebe5ef12f405afbba77ed0be",
                "sha256:297e388da6e248c98bc4a02e018966af0c5f92dfacf5a5ca22fa01cb3179bca0",
                "sha256:298478fe4f77a4408895605f3482b6cc6222c018b2ce565c2b6b9c354ac3229b",
                "sha256:29dbdc4207642ea6aad70fbde1a9338753d33fb23ed6956e706936706f52dd80",
                "sha256:2db98790afc70118bd0255c2eeb465e9767ecf1f3c25f9a1abb8ffc8cfd1fe0a",
                "sha256:32cda9e3d601a52baccb2856b8ea1fc213c90b340c542dcef77140dfa3278a9e",
                "sha256:37fb69d905be665f68f28a8bba3c6d3223c8efe1edf14cc4cfa06c241f8c81d9",
                "sha256:416d3a5d0e8cfe4f27f574362435bc9bae57f679a7158e0096ad2beb427b8696",
                "sha256:43efea75eb06b95d1631cb784aa40156177bf9dd5b4b03ff38979e048258bc6b",
                "sha256:4b35b21b819ac1dbd1233317adeecd63495f6babf21b7b2512d244ff6c6ce309",
                "sha256:4d9667937cfa347525b319ae34375c37b9ee6b525440f3ef48542fcf66f2731e",
                "sha256:5161eef006d335e46895297f642341111945e2c1c899eb406882a6c61a4357ab",
                "sha256:543f3dc61c18dafb755773efc89aae60d06b6596a63914107f75459cf984164d",
                "sha256:551d3fd6e9dc15e4c1eb6fc4ba2b39c0c7933fa113b220057a34f4bb3268a060",
                "sha256:59291fb29317122398786c2d44427bbd1a6d7ff54017075b22be9d21aa59bd8d",
                "sha256:5b001114dd152cfd6b23befeb28d7aee43553e2402c9f159807bf55f33af8a8d",
                "sha256:5b4815f2e65b30f5fbae9dfffa8636d992d49705723fe86a3661806e069352d4",
                "sha256:5dc6761a6efc781e6a1544206f22c80c3af4c8cf461206d46a1e6006e4429ff3",
                "sha256:5e84b6cc6a4a3d76c153a6b19270b3526a5a8ed6b09501d3af891daa2a9de7d6",
                "sha256:6209bb41dc692ddfee4942517c19ee81b86c864b626dbfca272ec0f7cff5d9fb",
                "sha256:673655af3eadf4df6b5457033f086e90299fdd7a47983a13827acf7459c15d94",
                "sha256:6c762a5b0997f5659a5ef2266abc1d8851ad7749ad9a6a5506eb23d314e4f46b",
                "sha256:7086cc1d5eebb91ad24ded9f58bec6c688e9f0ed7eb3dbbf1e4800280a896496",
                "sha256:73664fe514b34c8f02452ffb73b7a92c6774e39a647087f83d67f010eb9a0cf0",
                "sha256:76a911dfe51a36041f2e756b00f96ed84677cdeb75d25c767f296c1c1eda1319",
                "sha256:780c072c2e11c9b2c7ca37f9a2ee8ba66f44367ac3e5c7832afcfe5104fd6d1b",
                "sha256:7928ecbf1ece13956b95d9cbcfc77137652b02763ba384d9ab508099a2eca856",
                "sha256:7970285ab628a3779aecc35823296a7869f889b8329c16ad5a71e4901a3dc4ef",
                "sha256:7a8d4bade9952ea9a77d0c3e49cbd8b2890a399422258a77f357b9cc9be8d680",
                "sha256:7c1ee6f42250df403c5f103cbd2768a28fe1a0ea1f0f03fe151c8741e1469c8b",
                "sha256:7dfecdbad5c301d7b5bde160150b4db4c659cee2b69589705b6f8a0c509d9f42",
                "sha256:812f7342b0eee081eaec84d91423d1b4650bb9828eb53d8511bcef8ce5aecf1e",
                "sha256:866b6942a92f56300012f5fbac71f2d610312ee65e22f1aa2609e491284e5597",
                "sha256:86dcb5a1eb778d8b25659d5e4341269e8590ad6b4e8b44d9f4b07f8d136c414a",
                "sha256:87dd88ded2e6d74d31e1e0a99a726a6765cda32d00ba72dc37f0651f306daaa8",
                "sha256:8bc1a764ed8c957a2e9cacf97c8b2b053b70307cf2996aafd70e91a082e70df3",
                "sha256:8d4d5063501b6dd4024b8ac2f04962d661222d120381272deea52e3fc52d3736",
                "sha256:8f0aef4ef59694b12cadee839e2ba6afeab89c0f39a3adc02ed51d109117b8da",
                "sha256:930044bb7679ab003b14023138b50181899da3f25de50e9dbee23b61b4de2126",
                "sha256:950be4d8ba92aca4b2bb0741285a46bfae3ca699ef913ec8416c1b78eadd64cd",
                "sha256:961a7293b2457b405967af9c77dcaa43cc1a8cd50d23c532e62d48ab6cdd56f5",
                "sha256:9b885f89040bb8c4a1573566bbb2f44f5c505ef6e74cec7ab9068c900047f04b",
                "sha256:9f4727572e2918acaa9077c919cbbeb73bd2b3ebcfe033b72f858fc9fbef0026",
                "sha256:a02364621fe369e06200d4a16558e056fe2805d3468350df3aef21e00d26214b",
                "sha256:a985e028fc183bf12a77a8bbf36318db4238a3ded7fa9df1b9a133f1cb79f8fc",
                "sha256:ac1452d2fbe4978c2eec89fb5a23b8387aba707ac72810d9490118817d9c0b46",
                "sha256:b15e02e9bb4c21e39876698abf233c8c579127986f8207200bc8a8f6bb27acf2",
                "sha256:b2724fdb354a868ddf9a880cb84d102da914e99119211ef7ecbdc613b8c96b3c",
                "sha256:bbc527b519bd3aa9d7f429d152fea69f9ad37c95f0b02aebddff592688998abe",
                "sha256:bcd5e41a859bf2e84fdc42f4edb7d9aba0a13d29a2abadccafad99de3feff984",
                "sha256:bd2880a07482090a3bcb01f4265f1936a903d70bc740bfcb1fd4e8a2ffe5cf5a",
                "sha256:bee197b30783295d2eb680b311af15a20a8b24024a19c3a26431ff83eb8d1f70",
                "sha256:bf2342ac639c4cf38799a44950bbc2dfcb685f052b9e262f446482afaf4bffca",
                "sha256:c76e5786951e72ed3686e122d14c5d7012f16c8303a674d18cdcd6d89557fc5b",
                "sha256:cbed61494057c0f83b83eb3a310f0bf774b09513307c434d4366ed64f4128a91",
                "sha256:cfdd747216947628af7b259d274771d84db2268ca062dd5faf373639d00113a3",
                "sha256:d7480af14364494365e89d6fddc510a13e5a2c3584cb19ef65415ca57252fb84",
                "sha256:dbc6ae66518ab3c5847659e9988c3b60dc94ffb48ef9168656e0019a93dbf8a1",
                "sha256:dc3e2db6ba09ffd7d02ae9141cfa0ae23393ee7687248d46a7507b75d610f4f5",
                "sha256:dfe91cb65544a1321e631e696759491ae04a2ea11d36715eca01ce07284738be",
                "sha256:e4d49b85c4348ea0b31ea63bc75a9f3857869174e2bf17e7aba02945cd218e6f",
                "sha256:e4db64794ccdf6cb83a59d73405f63adbe2a1887012e308828596100a0b2f6cc",
                "sha256:e553cad5179a66ba15bb18b353a19020e73a7921296a7979c4a2b7f6a5cd57f9",
                "sha256:e88d5e6ad0d026fba7bdab8c3f225a69f063f116462c49892b0149e21b6c0a0e",
                "sha256:ecd85a8d3e79cd7158dec1c9e5808e821feea088e2f69a974db5edf84dc53141",
                "sha256:f5b92f4d70791b4a67157321c4e8225d60b119c5cc9aee8ecf153aace4aad4ef",
                "sha256:f5f0c3e969c8f12dd2bb7e0b15d5c468b51e5017e01e2e867335c81903046a22",
                "sha256:f7baece4ce06bade126fb84b8af1c33439a76d8a6fd818970215e0560ca28c27",
                "sha256:ff25afb18123cea58a591ea0244b92eb1e61a1fd497bf6d6384f09bc3262ec3e",
                "sha256:ff337c552345e95702c5fde3158acb0625111017d0e5f24bf3acdb9cc16b90d1"
            ],
            "index": "pypi",
            "markers": "python_version >= '3.8'",
            "version": "==10.4.0"
        },
        "prompt-toolkit": {
            "hashes": [
                "sha256:0d7bfa67001d5e39d02c224b663abc33687405033a8c422d0d675a5a13361d10",
                "sha256:1e1b29cb58080b1e69f207c893a1a7bf16d127a5c30c9d17a25a5d77792e5360"
            ],
            "markers": "python_full_version >= '3.7.0'",
            "version": "==3.0.47"
        },
        "psutil": {
            "hashes": [
                "sha256:0066a82f7b1b37d334e68697faba68e5ad5e858279fd6351c8ca6024e8d6ba64",
                "sha256:02b8292609b1f7fcb34173b25e48d0da8667bc85f81d7476584d889c6e0f2131",
                "sha256:0ae6f386d8d297177fd288be6e8d1afc05966878704dad9847719650e44fc49c",
                "sha256:0c9ccb99ab76025f2f0bbecf341d4656e9c1351db8cc8a03ccd62e318ab4b5c6",
                "sha256:0dd4465a039d343925cdc29023bb6960ccf4e74a65ad53e768403746a9207023",
                "sha256:12d844996d6c2b1d3881cfa6fa201fd635971869a9da945cf6756105af73d2df",
                "sha256:1bff0d07e76114ec24ee32e7f7f8d0c4b0514b3fae93e3d2aaafd65d22502394",
                "sha256:245b5509968ac0bd179287d91210cd3f37add77dad385ef238b275bad35fa1c4",
                "sha256:28ff7c95293ae74bf1ca1a79e8805fcde005c18a122ca983abf676ea3466362b",
                "sha256:36b3b6c9e2a34b7d7fbae330a85bf72c30b1c827a4366a07443fc4b6270449e2",
                "sha256:52de075468cd394ac98c66f9ca33b2f54ae1d9bff1ef6b67a212ee8f639ec06d",
                "sha256:5da29e394bdedd9144c7331192e20c1f79283fb03b06e6abd3a8ae45ffecee65",
                "sha256:61f05864b42fedc0771d6d8e49c35f07efd209ade09a5afe6a5059e7bb7bf83d",
                "sha256:6223d07a1ae93f86451d0198a0c361032c4c93ebd4bf6d25e2fb3edfad9571ef",
                "sha256:6323d5d845c2785efb20aded4726636546b26d3b577aded22492908f7c1bdda7",
                "sha256:6ffe81843131ee0ffa02c317186ed1e759a145267d54fdef1bc4ea5f5931ab60",
                "sha256:74f2d0be88db96ada78756cb3a3e1b107ce8ab79f65aa885f76d7664e56928f6",
                "sha256:74fb2557d1430fff18ff0d72613c5ca30c45cdbfcddd6a5773e9fc1fe9364be8",
                "sha256:90d4091c2d30ddd0a03e0b97e6a33a48628469b99585e2ad6bf21f17423b112b",
                "sha256:90f31c34d25b1b3ed6c40cdd34ff122b1887a825297c017e4cbd6796dd8b672d",
                "sha256:99de3e8739258b3c3e8669cb9757c9a861b2a25ad0955f8e53ac662d66de61ac",
                "sha256:c6a5fd10ce6b6344e616cf01cc5b849fa8103fbb5ba507b6b2dee4c11e84c935",
                "sha256:ce8b867423291cb65cfc6d9c4955ee9bfc1e21fe03bb50e177f2b957f1c2469d",
                "sha256:d225cd8319aa1d3c85bf195c4e07d17d3cd68636b8fc97e6cf198f782f99af28",
                "sha256:ea313bb02e5e25224e518e4352af4bf5e062755160f77e4b1767dd5ccb65f876",
                "sha256:ea372bcc129394485824ae3e3ddabe67dc0b118d262c568b4d2602a7070afdb0",
                "sha256:f4634b033faf0d968bb9220dd1c793b897ab7f1189956e1aa9eae752527127d3",
                "sha256:fcc01e900c1d7bee2a37e5d6e4f9194760a93597c97fee89c4ae51701de03563"
            ],
            "index": "pypi",
            "markers": "python_version >= '2.6' and python_version not in '3.0, 3.1, 3.2, 3.3'",
            "version": "==5.8.0"
        },
        "psycopg2-binary": {
            "hashes": [
                "sha256:03ef7df18daf2c4c07e2695e8cfd5ee7f748a1d54d802330985a78d2a5a6dca9",
                "sha256:0a602ea5aff39bb9fac6308e9c9d82b9a35c2bf288e184a816002c9fae930b77",
                "sha256:0c009475ee389757e6e34611d75f6e4f05f0cf5ebb76c6037508318e1a1e0d7e",
                "sha256:0ef4854e82c09e84cc63084a9e4ccd6d9b154f1dbdd283efb92ecd0b5e2b8c84",
                "sha256:1236ed0952fbd919c100bc839eaa4a39ebc397ed1c08a97fc45fee2a595aa1b3",
                "sha256:143072318f793f53819048fdfe30c321890af0c3ec7cb1dfc9cc87aa88241de2",
                "sha256:15208be1c50b99203fe88d15695f22a5bed95ab3f84354c494bcb1d08557df67",
                "sha256:1873aade94b74715be2246321c8650cabf5a0d098a95bab81145ffffa4c13876",
                "sha256:18d0ef97766055fec15b5de2c06dd8e7654705ce3e5e5eed3b6651a1d2a9a152",
                "sha256:1ea665f8ce695bcc37a90ee52de7a7980be5161375d42a0b6c6abedbf0d81f0f",
                "sha256:2293b001e319ab0d869d660a704942c9e2cce19745262a8aba2115ef41a0a42a",
                "sha256:246b123cc54bb5361588acc54218c8c9fb73068bf227a4a531d8ed56fa3ca7d6",
                "sha256:275ff571376626195ab95a746e6a04c7df8ea34638b99fc11160de91f2fef503",
                "sha256:281309265596e388ef483250db3640e5f414168c5a67e9c665cafce9492eda2f",
                "sha256:2d423c8d8a3c82d08fe8af900ad5b613ce3632a1249fd6a223941d0735fce493",
                "sha256:2e5afae772c00980525f6d6ecf7cbca55676296b580c0e6abb407f15f3706996",
                "sha256:30dcc86377618a4c8f3b72418df92e77be4254d8f89f14b8e8f57d6d43603c0f",
                "sha256:31a34c508c003a4347d389a9e6fcc2307cc2150eb516462a7a17512130de109e",
                "sha256:323ba25b92454adb36fa425dc5cf6f8f19f78948cbad2e7bc6cdf7b0d7982e59",
                "sha256:34eccd14566f8fe14b2b95bb13b11572f7c7d5c36da61caf414d23b91fcc5d94",
                "sha256:3a58c98a7e9c021f357348867f537017057c2ed7f77337fd914d0bedb35dace7",
                "sha256:3f78fd71c4f43a13d342be74ebbc0666fe1f555b8837eb113cb7416856c79682",
                "sha256:4154ad09dac630a0f13f37b583eae260c6aa885d67dfbccb5b02c33f31a6d420",
                "sha256:420f9bbf47a02616e8554e825208cb947969451978dceb77f95ad09c37791dae",
                "sha256:4686818798f9194d03c9129a4d9a702d9e113a89cb03bffe08c6cf799e053291",
                "sha256:57fede879f08d23c85140a360c6a77709113efd1c993923c59fde17aa27599fe",
                "sha256:60989127da422b74a04345096c10d416c2b41bd7bf2a380eb541059e4e999980",
                "sha256:64cf30263844fa208851ebb13b0732ce674d8ec6a0c86a4e160495d299ba3c93",
                "sha256:68fc1f1ba168724771e38bee37d940d2865cb0f562380a1fb1ffb428b75cb692",
                "sha256:6e6f98446430fdf41bd36d4faa6cb409f5140c1c2cf58ce0bbdaf16af7d3f119",
                "sha256:729177eaf0aefca0994ce4cffe96ad3c75e377c7b6f4efa59ebf003b6d398716",
                "sha256:72dffbd8b4194858d0941062a9766f8297e8868e1dd07a7b36212aaa90f49472",
                "sha256:75723c3c0fbbf34350b46a3199eb50638ab22a0228f93fb472ef4d9becc2382b",
                "sha256:77853062a2c45be16fd6b8d6de2a99278ee1d985a7bd8b103e97e41c034006d2",
                "sha256:78151aa3ec21dccd5cdef6c74c3e73386dcdfaf19bced944169697d7ac7482fc",
                "sha256:7f01846810177d829c7692f1f5ada8096762d9172af1b1a28d4ab5b77c923c1c",
                "sha256:804d99b24ad523a1fe18cc707bf741670332f7c7412e9d49cb5eab67e886b9b5",
                "sha256:81ff62668af011f9a48787564ab7eded4e9fb17a4a6a74af5ffa6a457400d2ab",
                "sha256:8359bf4791968c5a78c56103702000105501adb557f3cf772b2c207284273984",
                "sha256:83791a65b51ad6ee6cf0845634859d69a038ea9b03d7b26e703f94c7e93dbcf9",
                "sha256:8532fd6e6e2dc57bcb3bc90b079c60de896d2128c5d9d6f24a63875a95a088cf",
                "sha256:876801744b0dee379e4e3c38b76fc89f88834bb15bf92ee07d94acd06ec890a0",
                "sha256:8dbf6d1bc73f1d04ec1734bae3b4fb0ee3cb2a493d35ede9badbeb901fb40f6f",
                "sha256:8f8544b092a29a6ddd72f3556a9fcf249ec412e10ad28be6a0c0d948924f2212",
                "sha256:911dda9c487075abd54e644ccdf5e5c16773470a6a5d3826fda76699410066fb",
                "sha256:977646e05232579d2e7b9c59e21dbe5261f403a88417f6a6512e70d3f8a046be",
                "sha256:9dba73be7305b399924709b91682299794887cbbd88e38226ed9f6712eabee90",
                "sha256:a148c5d507bb9b4f2030a2025c545fccb0e1ef317393eaba42e7eabd28eb6041",
                "sha256:a6cdcc3ede532f4a4b96000b6362099591ab4a3e913d70bcbac2b56c872446f7",
                "sha256:ac05fb791acf5e1a3e39402641827780fe44d27e72567a000412c648a85ba860",
                "sha256:b0605eaed3eb239e87df0d5e3c6489daae3f7388d455d0c0b4df899519c6a38d",
                "sha256:b58b4710c7f4161b5e9dcbe73bb7c62d65670a87df7bcce9e1faaad43e715245",
                "sha256:b6356793b84728d9d50ead16ab43c187673831e9d4019013f1402c41b1db9b27",
                "sha256:b76bedd166805480ab069612119ea636f5ab8f8771e640ae103e05a4aae3e417",
                "sha256:bc7bb56d04601d443f24094e9e31ae6deec9ccb23581f75343feebaf30423359",
                "sha256:c2470da5418b76232f02a2fcd2229537bb2d5a7096674ce61859c3229f2eb202",
                "sha256:c332c8d69fb64979ebf76613c66b985414927a40f8defa16cf1bc028b7b0a7b0",
                "sha256:c6af2a6d4b7ee9615cbb162b0738f6e1fd1f5c3eda7e5da17861eacf4c717ea7",
                "sha256:c77e3d1862452565875eb31bdb45ac62502feabbd53429fdc39a1cc341d681ba",
                "sha256:ca08decd2697fdea0aea364b370b1249d47336aec935f87b8bbfd7da5b2ee9c1",
                "sha256:ca49a8119c6cbd77375ae303b0cfd8c11f011abbbd64601167ecca18a87e7cdd",
                "sha256:cb16c65dcb648d0a43a2521f2f0a2300f40639f6f8c1ecbc662141e4e3e1ee07",
                "sha256:d2997c458c690ec2bc6b0b7ecbafd02b029b7b4283078d3b32a852a7ce3ddd98",
                "sha256:d3f82c171b4ccd83bbaf35aa05e44e690113bd4f3b7b6cc54d2219b132f3ae55",
                "sha256:dc4926288b2a3e9fd7b50dc6a1909a13bbdadfc67d93f3374d984e56f885579d",
                "sha256:ead20f7913a9c1e894aebe47cccf9dc834e1618b7aa96155d2091a626e59c972",
                "sha256:ebdc36bea43063116f0486869652cb2ed7032dbc59fbcb4445c4862b5c1ecf7f",
                "sha256:ed1184ab8f113e8d660ce49a56390ca181f2981066acc27cf637d5c1e10ce46e",
                "sha256:ee825e70b1a209475622f7f7b776785bd68f34af6e7a46e2e42f27b659b5bc26",
                "sha256:f7ae5d65ccfbebdfa761585228eb4d0df3a8b15cfb53bd953e713e09fbb12957",
                "sha256:f7fc5a5acafb7d6ccca13bfa8c90f8c51f13d8fb87d95656d3950f0158d3ce53",
                "sha256:f9b5571d33660d5009a8b3c25dc1db560206e2d2f89d3df1cb32d72c0d117d52"
            ],
            "index": "pypi",
            "markers": "python_version >= '3.7'",
            "version": "==2.9.9"
        },
        "pycparser": {
            "hashes": [
                "sha256:491c8be9c040f5390f5bf44a5b07752bd07f56edf992381b05c701439eec10f6",
                "sha256:c3702b6d3dd8c7abc1afa565d7e63d53a1d0bd86cdc24edd75470f4de499cfcc"
            ],
            "markers": "python_version >= '3.8'",
            "version": "==2.22"
        },
        "python-dateutil": {
            "hashes": [
                "sha256:37dd54208da7e1cd875388217d5e00ebd4179249f90fb72437e91a35459a0ad3",
                "sha256:a8b2bc7bffae282281c8140a97d3aa9c14da0b136dfe83f850eea9a5f7470427"
            ],
            "markers": "python_version >= '2.7' and python_version not in '3.0, 3.1, 3.2, 3.3'",
            "version": "==2.9.0.post0"
        },
        "python-vlc": {
            "hashes": [
                "sha256:244fbb9e392a0326841fca926d6d12a2a36c546982191f493f148fa19e66b1d4",
                "sha256:903b3dc3602804958837c69907f3d3485921ef8424c254c7314db3d6037f8d62"
            ],
            "index": "pypi",
            "version": "==3.0.20123"
        },
        "pytz": {
            "hashes": [
                "sha256:2a29735ea9c18baf14b448846bde5a48030ed267578472d8955cd0e7443a9812",
                "sha256:328171f4e3623139da4983451950b28e95ac706e13f3f2630a879749e7a8b319"
            ],
            "version": "==2024.1"
        },
        "redis": {
            "hashes": [
                "sha256:c8481cf414474e3497ec7971a1ba9b998c8efad0f0d289a009a5bbef040894f9",
                "sha256:ccf692811f2c1fc7a92b466aa2599e4a6d2d73d5f736a2c70be600657c0da34a"
            ],
            "index": "pypi",
            "markers": "python_version >= '3.6'",
            "version": "==4.0.2"
        },
        "requests": {
            "hashes": [
                "sha256:6c1246513ecd5ecd4528a0906f910e8f0f9c6b8ec72030dc9fd154dc1a6efd24",
                "sha256:b8aa58f8cf793ffd8782d3d8cb19e66ef36f7aba4353eec859e74678b01b07a7"
            ],
            "index": "pypi",
            "markers": "python_version >= '2.7' and python_version not in '3.0, 3.1, 3.2, 3.3, 3.4, 3.5'",
            "version": "==2.26.0"
        },
        "s3transfer": {
            "hashes": [
                "sha256:b014be3a8a2aab98cfe1abc7229cc5a9a0cf05eb9c1f2b86b230fd8df3f78084",
                "sha256:cab66d3380cca3e70939ef2255d01cd8aece6a4907a9528740f668c4b0611861"
            ],
            "markers": "python_version >= '3.7'",
            "version": "==0.6.2"
        },
        "scapy": {
            "hashes": [
                "sha256:bc707e3604784496b6665a9e5b2a69c36cc9fb032af4864b29051531b24c8593"
            ],
            "index": "pypi",
            "markers": "python_version >= '2.7' and python_version not in '3.0, 3.1, 3.2, 3.3' and python_version < '4'",
            "version": "==2.4.5"
        },
        "setuptools": {
            "hashes": [
                "sha256:5a03e1860cf56bb6ef48ce186b0e557fdba433237481a9a625176c2831be15d1",
                "sha256:8d243eff56d095e5817f796ede6ae32941278f542e0f941867cc05ae52b162ec"
            ],
            "markers": "python_version >= '3.8'",
            "version": "==72.1.0"
        },
        "six": {
            "hashes": [
                "sha256:1e61c37477a1626458e36f7b1d82aa5c9b094fa4802892072e49de9c60c4c926",
                "sha256:8abb2f1d86890a2dfb989f9a77cfcfd3e47c2a354b01111771326f8aa26e0254"
            ],
            "markers": "python_version >= '2.7' and python_version not in '3.0, 3.1, 3.2, 3.3'",
            "version": "==1.16.0"
        },
        "sqlparse": {
            "hashes": [
                "sha256:773dcbf9a5ab44a090f3441e2180efe2560220203dc2f8c0b0fa141e18b505e4",
                "sha256:bb6b4df465655ef332548e24f08e205afc81b9ab86cb1c45657a7ff173a3a00e"
            ],
            "markers": "python_version >= '3.8'",
            "version": "==0.5.1"
        },
        "typing-extensions": {
            "hashes": [
                "sha256:04e5ca0351e0f3f85c6853954072df659d0d13fac324d0072316b67d7794700d",
                "sha256:1a7ead55c7e559dd4dee8856e3a88b41225abfe1ce8df57b7c13915fe121ffb8"
            ],
            "markers": "python_version >= '3.8'",
            "version": "==4.12.2"
        },
        "tzdata": {
            "hashes": [
                "sha256:2674120f8d891909751c38abcdfd386ac0a5a1127954fbc332af6b5ceae07efd",
                "sha256:9068bc196136463f5245e51efda838afa15aaeca9903f49050dfa2679db4d252"
            ],
            "markers": "python_version >= '2'",
            "version": "==2024.1"
        },
        "urllib3": {
            "hashes": [
                "sha256:37a0344459b199fce0e80b0d3569837ec6b6937435c5244e7fd73fa6006830f3",
                "sha256:3e3d753a8618b86d7de333b4223005f68720bcd6a7d2bcb9fbd2229ec7c1e429"
            ],
            "markers": "python_version >= '2.7' and python_version not in '3.0, 3.1, 3.2, 3.3, 3.4, 3.5'",
            "version": "==1.26.19"
        },
        "vine": {
            "hashes": [
                "sha256:40fdf3c48b2cfe1c38a49e9ae2da6fda88e4794c810050a728bd7413811fb1dc",
                "sha256:8b62e981d35c41049211cf62a0a1242d8c1ee9bd15bb196ce38aefd6799e61e0"
            ],
            "markers": "python_version >= '3.6'",
            "version": "==5.1.0"
        },
        "wcwidth": {
            "hashes": [
                "sha256:3da69048e4540d84af32131829ff948f1e022c1c6bdb8d6102117aac784f6859",
                "sha256:72ea0c06399eb286d978fdedb6923a9eb47e1c486ce63e9b4e64fc18303972b5"
            ],
            "version": "==0.2.13"
        },
        "whitenoise": {
            "hashes": [
                "sha256:58c7a6cd811e275a6c91af22e96e87da0b1109e9a53bb7464116ef4c963bf636",
                "sha256:a1ae85e01fdc9815d12fa33f17765bc132ed2c54fa76daf9e39e879dd93566f6"
            ],
            "index": "pypi",
            "markers": "python_version >= '3.8'",
            "version": "==6.7.0"
        },
        "wrapt": {
            "hashes": [
                "sha256:0d2691979e93d06a95a26257adb7bfd0c93818e89b1406f5a28f36e0d8c1e1fc",
                "sha256:14d7dc606219cdd7405133c713f2c218d4252f2a469003f8c46bb92d5d095d81",
                "sha256:1a5db485fe2de4403f13fafdc231b0dbae5eca4359232d2efc79025527375b09",
                "sha256:1acd723ee2a8826f3d53910255643e33673e1d11db84ce5880675954183ec47e",
                "sha256:1ca9b6085e4f866bd584fb135a041bfc32cab916e69f714a7d1d397f8c4891ca",
                "sha256:1dd50a2696ff89f57bd8847647a1c363b687d3d796dc30d4dd4a9d1689a706f0",
                "sha256:2076fad65c6736184e77d7d4729b63a6d1ae0b70da4868adeec40989858eb3fb",
                "sha256:2a88e6010048489cda82b1326889ec075a8c856c2e6a256072b28eaee3ccf487",
                "sha256:3ebf019be5c09d400cf7b024aa52b1f3aeebeff51550d007e92c3c1c4afc2a40",
                "sha256:418abb18146475c310d7a6dc71143d6f7adec5b004ac9ce08dc7a34e2babdc5c",
                "sha256:43aa59eadec7890d9958748db829df269f0368521ba6dc68cc172d5d03ed8060",
                "sha256:44a2754372e32ab315734c6c73b24351d06e77ffff6ae27d2ecf14cf3d229202",
                "sha256:490b0ee15c1a55be9c1bd8609b8cecd60e325f0575fc98f50058eae366e01f41",
                "sha256:49aac49dc4782cb04f58986e81ea0b4768e4ff197b57324dcbd7699c5dfb40b9",
                "sha256:5eb404d89131ec9b4f748fa5cfb5346802e5ee8836f57d516576e61f304f3b7b",
                "sha256:5f15814a33e42b04e3de432e573aa557f9f0f56458745c2074952f564c50e664",
                "sha256:5f370f952971e7d17c7d1ead40e49f32345a7f7a5373571ef44d800d06b1899d",
                "sha256:66027d667efe95cc4fa945af59f92c5a02c6f5bb6012bff9e60542c74c75c362",
                "sha256:66dfbaa7cfa3eb707bbfcd46dab2bc6207b005cbc9caa2199bcbc81d95071a00",
                "sha256:685f568fa5e627e93f3b52fda002c7ed2fa1800b50ce51f6ed1d572d8ab3e7fc",
                "sha256:6906c4100a8fcbf2fa735f6059214bb13b97f75b1a61777fcf6432121ef12ef1",
                "sha256:6a42cd0cfa8ffc1915aef79cb4284f6383d8a3e9dcca70c445dcfdd639d51267",
                "sha256:6dcfcffe73710be01d90cae08c3e548d90932d37b39ef83969ae135d36ef3956",
                "sha256:6f6eac2360f2d543cc875a0e5efd413b6cbd483cb3ad7ebf888884a6e0d2e966",
                "sha256:72554a23c78a8e7aa02abbd699d129eead8b147a23c56e08d08dfc29cfdddca1",
                "sha256:73870c364c11f03ed072dda68ff7aea6d2a3a5c3fe250d917a429c7432e15228",
                "sha256:73aa7d98215d39b8455f103de64391cb79dfcad601701a3aa0dddacf74911d72",
                "sha256:75ea7d0ee2a15733684badb16de6794894ed9c55aa5e9903260922f0482e687d",
                "sha256:7bd2d7ff69a2cac767fbf7a2b206add2e9a210e57947dd7ce03e25d03d2de292",
                "sha256:807cc8543a477ab7422f1120a217054f958a66ef7314f76dd9e77d3f02cdccd0",
                "sha256:8e9723528b9f787dc59168369e42ae1c3b0d3fadb2f1a71de14531d321ee05b0",
                "sha256:9090c9e676d5236a6948330e83cb89969f433b1943a558968f659ead07cb3b36",
                "sha256:9153ed35fc5e4fa3b2fe97bddaa7cbec0ed22412b85bcdaf54aeba92ea37428c",
                "sha256:9159485323798c8dc530a224bd3ffcf76659319ccc7bbd52e01e73bd0241a0c5",
                "sha256:941988b89b4fd6b41c3f0bfb20e92bd23746579736b7343283297c4c8cbae68f",
                "sha256:94265b00870aa407bd0cbcfd536f17ecde43b94fb8d228560a1e9d3041462d73",
                "sha256:98b5e1f498a8ca1858a1cdbffb023bfd954da4e3fa2c0cb5853d40014557248b",
                "sha256:9b201ae332c3637a42f02d1045e1d0cccfdc41f1f2f801dafbaa7e9b4797bfc2",
                "sha256:a0ea261ce52b5952bf669684a251a66df239ec6d441ccb59ec7afa882265d593",
                "sha256:a33a747400b94b6d6b8a165e4480264a64a78c8a4c734b62136062e9a248dd39",
                "sha256:a452f9ca3e3267cd4d0fcf2edd0d035b1934ac2bd7e0e57ac91ad6b95c0c6389",
                "sha256:a86373cf37cd7764f2201b76496aba58a52e76dedfaa698ef9e9688bfd9e41cf",
                "sha256:ac83a914ebaf589b69f7d0a1277602ff494e21f4c2f743313414378f8f50a4cf",
                "sha256:aefbc4cb0a54f91af643660a0a150ce2c090d3652cf4052a5397fb2de549cd89",
                "sha256:b3646eefa23daeba62643a58aac816945cadc0afaf21800a1421eeba5f6cfb9c",
                "sha256:b47cfad9e9bbbed2339081f4e346c93ecd7ab504299403320bf85f7f85c7d46c",
                "sha256:b935ae30c6e7400022b50f8d359c03ed233d45b725cfdd299462f41ee5ffba6f",
                "sha256:bb2dee3874a500de01c93d5c71415fcaef1d858370d405824783e7a8ef5db440",
                "sha256:bc57efac2da352a51cc4658878a68d2b1b67dbe9d33c36cb826ca449d80a8465",
                "sha256:bf5703fdeb350e36885f2875d853ce13172ae281c56e509f4e6eca049bdfb136",
                "sha256:c31f72b1b6624c9d863fc095da460802f43a7c6868c5dda140f51da24fd47d7b",
                "sha256:c5cd603b575ebceca7da5a3a251e69561bec509e0b46e4993e1cac402b7247b8",
                "sha256:d2efee35b4b0a347e0d99d28e884dfd82797852d62fcd7ebdeee26f3ceb72cf3",
                "sha256:d462f28826f4657968ae51d2181a074dfe03c200d6131690b7d65d55b0f360f8",
                "sha256:d5e49454f19ef621089e204f862388d29e6e8d8b162efce05208913dde5b9ad6",
                "sha256:da4813f751142436b075ed7aa012a8778aa43a99f7b36afe9b742d3ed8bdc95e",
                "sha256:db2e408d983b0e61e238cf579c09ef7020560441906ca990fe8412153e3b291f",
                "sha256:db98ad84a55eb09b3c32a96c576476777e87c520a34e2519d3e59c44710c002c",
                "sha256:dbed418ba5c3dce92619656802cc5355cb679e58d0d89b50f116e4a9d5a9603e",
                "sha256:dcdba5c86e368442528f7060039eda390cc4091bfd1dca41e8046af7c910dda8",
                "sha256:decbfa2f618fa8ed81c95ee18a387ff973143c656ef800c9f24fb7e9c16054e2",
                "sha256:e4fdb9275308292e880dcbeb12546df7f3e0f96c6b41197e0cf37d2826359020",
                "sha256:eb1b046be06b0fce7249f1d025cd359b4b80fc1c3e24ad9eca33e0dcdb2e4a35",
                "sha256:eb6e651000a19c96f452c85132811d25e9264d836951022d6e81df2fff38337d",
                "sha256:ed867c42c268f876097248e05b6117a65bcd1e63b779e916fe2e33cd6fd0d3c3",
                "sha256:edfad1d29c73f9b863ebe7082ae9321374ccb10879eeabc84ba3b69f2579d537",
                "sha256:f2058f813d4f2b5e3a9eb2eb3faf8f1d99b81c3e51aeda4b168406443e8ba809",
                "sha256:f6b2d0c6703c988d334f297aa5df18c45e97b0af3679bb75059e0e0bd8b1069d",
                "sha256:f8212564d49c50eb4565e502814f694e240c55551a5f1bc841d4fcaabb0a9b8a",
                "sha256:ffa565331890b90056c01db69c0fe634a776f8019c143a5ae265f9c6bc4bd6d4"
            ],
            "markers": "python_version >= '3.6'",
            "version": "==1.16.0"
        },
        "zipp": {
            "hashes": [
                "sha256:bf1dcf6450f873a13e952a29504887c89e6de7506209e5b1bcc3460135d4de19",
                "sha256:f091755f667055f2d02b32c53771a7a6c8b47e1fdbc4b72a8b9072b3eef8015c"
            ],
            "markers": "python_version >= '3.8'",
            "version": "==3.19.2"
        }
    },
    "develop": {}
}
